// !$*UTF8*$!
{
	archiveVersion = 1;
	classes = {
	};
	objectVersion = 55;
	objects = {

/* Begin PBXBuildFile section */
		EAB42EE627CDCC2100A52D6D /* Tests_iOS.swift in Sources */ = {isa = PBXBuildFile; fileRef = EAB42EE527CDCC2100A52D6D /* Tests_iOS.swift */; };
		EAB42EE827CDCC2100A52D6D /* Tests_iOSLaunchTests.swift in Sources */ = {isa = PBXBuildFile; fileRef = EAB42EE727CDCC2100A52D6D /* Tests_iOSLaunchTests.swift */; };
		EAB42EF227CDCC2100A52D6D /* Tests_macOS.swift in Sources */ = {isa = PBXBuildFile; fileRef = EAB42EF127CDCC2100A52D6D /* Tests_macOS.swift */; };
		EAB42EF427CDCC2100A52D6D /* Tests_macOSLaunchTests.swift in Sources */ = {isa = PBXBuildFile; fileRef = EAB42EF327CDCC2100A52D6D /* Tests_macOSLaunchTests.swift */; };
		EAB42EF527CDCC2100A52D6D /* An_AppApp.swift in Sources */ = {isa = PBXBuildFile; fileRef = EAB42ECD27CDCC2000A52D6D /* An_AppApp.swift */; };
		EAB42EF627CDCC2100A52D6D /* An_AppApp.swift in Sources */ = {isa = PBXBuildFile; fileRef = EAB42ECD27CDCC2000A52D6D /* An_AppApp.swift */; };
		EAB42EF727CDCC2100A52D6D /* ContentView.swift in Sources */ = {isa = PBXBuildFile; fileRef = EAB42ECE27CDCC2000A52D6D /* ContentView.swift */; };
		EAB42EF827CDCC2100A52D6D /* ContentView.swift in Sources */ = {isa = PBXBuildFile; fileRef = EAB42ECE27CDCC2000A52D6D /* ContentView.swift */; };
		EAB42EF927CDCC2100A52D6D /* Assets.xcassets in Resources */ = {isa = PBXBuildFile; fileRef = EAB42ECF27CDCC2000A52D6D /* Assets.xcassets */; };
		EAB42EFA27CDCC2100A52D6D /* Assets.xcassets in Resources */ = {isa = PBXBuildFile; fileRef = EAB42ECF27CDCC2000A52D6D /* Assets.xcassets */; };
/* End PBXBuildFile section */

/* Begin PBXContainerItemProxy section */
		EAB42EE227CDCC2100A52D6D /* PBXContainerItemProxy */ = {
			isa = PBXContainerItemProxy;
			containerPortal = EAB42EC827CDCC2000A52D6D /* Project object */;
			proxyType = 1;
			remoteGlobalIDString = EAB42ED327CDCC2100A52D6D;
			remoteInfo = "An App (iOS)";
		};
		EAB42EEE27CDCC2100A52D6D /* PBXContainerItemProxy */ = {
			isa = PBXContainerItemProxy;
			containerPortal = EAB42EC827CDCC2000A52D6D /* Project object */;
			proxyType = 1;
			remoteGlobalIDString = EAB42ED927CDCC2100A52D6D;
			remoteInfo = "An App (macOS)";
		};
/* End PBXContainerItemProxy section */

/* Begin PBXFileReference section */
		EAB42ECD27CDCC2000A52D6D /* An_AppApp.swift */ = {isa = PBXFileReference; lastKnownFileType = sourcecode.swift; path = An_AppApp.swift; sourceTree = "<group>"; };
		EAB42ECE27CDCC2000A52D6D /* ContentView.swift */ = {isa = PBXFileReference; lastKnownFileType = sourcecode.swift; path = ContentView.swift; sourceTree = "<group>"; };
		EAB42ECF27CDCC2000A52D6D /* Assets.xcassets */ = {isa = PBXFileReference; lastKnownFileType = folder.assetcatalog; path = Assets.xcassets; sourceTree = "<group>"; };
		EAB42ED427CDCC2100A52D6D /* An App.app */ = {isa = PBXFileReference; explicitFileType = wrapper.application; includeInIndex = 0; path = "An App.app"; sourceTree = BUILT_PRODUCTS_DIR; };
		EAB42EDA27CDCC2100A52D6D /* An App.app */ = {isa = PBXFileReference; explicitFileType = wrapper.application; includeInIndex = 0; path = "An App.app"; sourceTree = BUILT_PRODUCTS_DIR; };
		EAB42EDC27CDCC2100A52D6D /* macOS.entitlements */ = {isa = PBXFileReference; lastKnownFileType = text.plist.entitlements; path = macOS.entitlements; sourceTree = "<group>"; };
		EAB42EE127CDCC2100A52D6D /* Tests iOS.xctest */ = {isa = PBXFileReference; explicitFileType = wrapper.cfbundle; includeInIndex = 0; path = "Tests iOS.xctest"; sourceTree = BUILT_PRODUCTS_DIR; };
		EAB42EE527CDCC2100A52D6D /* Tests_iOS.swift */ = {isa = PBXFileReference; lastKnownFileType = sourcecode.swift; path = Tests_iOS.swift; sourceTree = "<group>"; };
		EAB42EE727CDCC2100A52D6D /* Tests_iOSLaunchTests.swift */ = {isa = PBXFileReference; lastKnownFileType = sourcecode.swift; path = Tests_iOSLaunchTests.swift; sourceTree = "<group>"; };
		EAB42EED27CDCC2100A52D6D /* Tests macOS.xctest */ = {isa = PBXFileReference; explicitFileType = wrapper.cfbundle; includeInIndex = 0; path = "Tests macOS.xctest"; sourceTree = BUILT_PRODUCTS_DIR; };
		EAB42EF127CDCC2100A52D6D /* Tests_macOS.swift */ = {isa = PBXFileReference; lastKnownFileType = sourcecode.swift; path = Tests_macOS.swift; sourceTree = "<group>"; };
		EAB42EF327CDCC2100A52D6D /* Tests_macOSLaunchTests.swift */ = {isa = PBXFileReference; lastKnownFileType = sourcecode.swift; path = Tests_macOSLaunchTests.swift; sourceTree = "<group>"; };
/* End PBXFileReference section */

/* Begin PBXFrameworksBuildPhase section */
		EAB42ED127CDCC2100A52D6D /* Frameworks */ = {
			isa = PBXFrameworksBuildPhase;
			buildActionMask = 2147483647;
			files = (
			);
			runOnlyForDeploymentPostprocessing = 0;
		};
		EAB42ED727CDCC2100A52D6D /* Frameworks */ = {
			isa = PBXFrameworksBuildPhase;
			buildActionMask = 2147483647;
			files = (
			);
			runOnlyForDeploymentPostprocessing = 0;
		};
		EAB42EDE27CDCC2100A52D6D /* Frameworks */ = {
			isa = PBXFrameworksBuildPhase;
			buildActionMask = 2147483647;
			files = (
			);
			runOnlyForDeploymentPostprocessing = 0;
		};
		EAB42EEA27CDCC2100A52D6D /* Frameworks */ = {
			isa = PBXFrameworksBuildPhase;
			buildActionMask = 2147483647;
			files = (
			);
			runOnlyForDeploymentPostprocessing = 0;
		};
/* End PBXFrameworksBuildPhase section */

/* Begin PBXGroup section */
		EAB42EC727CDCC2000A52D6D = {
			isa = PBXGroup;
			children = (
				EAB42ECC27CDCC2000A52D6D /* Shared */,
				EAB42EDB27CDCC2100A52D6D /* macOS */,
				EAB42EE427CDCC2100A52D6D /* Tests iOS */,
				EAB42EF027CDCC2100A52D6D /* Tests macOS */,
				EAB42ED527CDCC2100A52D6D /* Products */,
			);
			sourceTree = "<group>";
		};
		EAB42ECC27CDCC2000A52D6D /* Shared */ = {
			isa = PBXGroup;
			children = (
				EAB42ECD27CDCC2000A52D6D /* An_AppApp.swift */,
				EAB42ECE27CDCC2000A52D6D /* ContentView.swift */,
				EAB42ECF27CDCC2000A52D6D /* Assets.xcassets */,
			);
			path = Shared;
			sourceTree = "<group>";
		};
		EAB42ED527CDCC2100A52D6D /* Products */ = {
			isa = PBXGroup;
			children = (
				EAB42ED427CDCC2100A52D6D /* An App.app */,
				EAB42EDA27CDCC2100A52D6D /* An App.app */,
				EAB42EE127CDCC2100A52D6D /* Tests iOS.xctest */,
				EAB42EED27CDCC2100A52D6D /* Tests macOS.xctest */,
			);
			name = Products;
			sourceTree = "<group>";
		};
		EAB42EDB27CDCC2100A52D6D /* macOS */ = {
			isa = PBXGroup;
			children = (
				EAB42EDC27CDCC2100A52D6D /* macOS.entitlements */,
			);
			path = macOS;
			sourceTree = "<group>";
		};
		EAB42EE427CDCC2100A52D6D /* Tests iOS */ = {
			isa = PBXGroup;
			children = (
				EAB42EE527CDCC2100A52D6D /* Tests_iOS.swift */,
				EAB42EE727CDCC2100A52D6D /* Tests_iOSLaunchTests.swift */,
			);
			path = "Tests iOS";
			sourceTree = "<group>";
		};
		EAB42EF027CDCC2100A52D6D /* Tests macOS */ = {
			isa = PBXGroup;
			children = (
				EAB42EF127CDCC2100A52D6D /* Tests_macOS.swift */,
				EAB42EF327CDCC2100A52D6D /* Tests_macOSLaunchTests.swift */,
			);
			path = "Tests macOS";
			sourceTree = "<group>";
		};
/* End PBXGroup section */

/* Begin PBXNativeTarget section */
		EAB42ED327CDCC2100A52D6D /* An App (iOS) */ = {
			isa = PBXNativeTarget;
			buildConfigurationList = EAB42EFD27CDCC2100A52D6D /* Build configuration list for PBXNativeTarget "An App (iOS)" */;
			buildPhases = (
				EAB42ED027CDCC2100A52D6D /* Sources */,
				EAB42ED127CDCC2100A52D6D /* Frameworks */,
				EAB42ED227CDCC2100A52D6D /* Resources */,
			);
			buildRules = (
			);
			dependencies = (
			);
			name = "An App (iOS)";
			productName = "An App (iOS)";
			productReference = EAB42ED427CDCC2100A52D6D /* An App.app */;
			productType = "com.apple.product-type.application";
		};
		EAB42ED927CDCC2100A52D6D /* An App (macOS) */ = {
			isa = PBXNativeTarget;
			buildConfigurationList = EAB42F0027CDCC2100A52D6D /* Build configuration list for PBXNativeTarget "An App (macOS)" */;
			buildPhases = (
				EAB42ED627CDCC2100A52D6D /* Sources */,
				EAB42ED727CDCC2100A52D6D /* Frameworks */,
				EAB42ED827CDCC2100A52D6D /* Resources */,
			);
			buildRules = (
			);
			dependencies = (
			);
			name = "An App (macOS)";
			productName = "An App (macOS)";
			productReference = EAB42EDA27CDCC2100A52D6D /* An App.app */;
			productType = "com.apple.product-type.application";
		};
		EAB42EE027CDCC2100A52D6D /* Tests iOS */ = {
			isa = PBXNativeTarget;
			buildConfigurationList = EAB42F0327CDCC2100A52D6D /* Build configuration list for PBXNativeTarget "Tests iOS" */;
			buildPhases = (
				EAB42EDD27CDCC2100A52D6D /* Sources */,
				EAB42EDE27CDCC2100A52D6D /* Frameworks */,
				EAB42EDF27CDCC2100A52D6D /* Resources */,
			);
			buildRules = (
			);
			dependencies = (
				EAB42EE327CDCC2100A52D6D /* PBXTargetDependency */,
			);
			name = "Tests iOS";
			productName = "Tests iOS";
			productReference = EAB42EE127CDCC2100A52D6D /* Tests iOS.xctest */;
			productType = "com.apple.product-type.bundle.ui-testing";
		};
		EAB42EEC27CDCC2100A52D6D /* Tests macOS */ = {
			isa = PBXNativeTarget;
			buildConfigurationList = EAB42F0627CDCC2100A52D6D /* Build configuration list for PBXNativeTarget "Tests macOS" */;
			buildPhases = (
				EAB42EE927CDCC2100A52D6D /* Sources */,
				EAB42EEA27CDCC2100A52D6D /* Frameworks */,
				EAB42EEB27CDCC2100A52D6D /* Resources */,
			);
			buildRules = (
			);
			dependencies = (
				EAB42EEF27CDCC2100A52D6D /* PBXTargetDependency */,
			);
			name = "Tests macOS";
			productName = "Tests macOS";
			productReference = EAB42EED27CDCC2100A52D6D /* Tests macOS.xctest */;
			productType = "com.apple.product-type.bundle.ui-testing";
		};
/* End PBXNativeTarget section */

/* Begin PBXProject section */
		EAB42EC827CDCC2000A52D6D /* Project object */ = {
			isa = PBXProject;
			attributes = {
				BuildIndependentTargetsInParallel = 1;
				LastSwiftUpdateCheck = 1320;
				LastUpgradeCheck = 1320;
				TargetAttributes = {
					EAB42ED327CDCC2100A52D6D = {
						CreatedOnToolsVersion = 13.2.1;
					};
					EAB42ED927CDCC2100A52D6D = {
						CreatedOnToolsVersion = 13.2.1;
					};
					EAB42EE027CDCC2100A52D6D = {
						CreatedOnToolsVersion = 13.2.1;
						TestTargetID = EAB42ED327CDCC2100A52D6D;
					};
					EAB42EEC27CDCC2100A52D6D = {
						CreatedOnToolsVersion = 13.2.1;
						TestTargetID = EAB42ED927CDCC2100A52D6D;
					};
				};
			};
			buildConfigurationList = EAB42ECB27CDCC2000A52D6D /* Build configuration list for PBXProject "An App" */;
			compatibilityVersion = "Xcode 13.0";
			developmentRegion = en;
			hasScannedForEncodings = 0;
			knownRegions = (
				en,
				Base,
			);
			mainGroup = EAB42EC727CDCC2000A52D6D;
			productRefGroup = EAB42ED527CDCC2100A52D6D /* Products */;
			projectDirPath = "";
			projectRoot = "";
			targets = (
				EAB42ED327CDCC2100A52D6D /* An App (iOS) */,
				EAB42ED927CDCC2100A52D6D /* An App (macOS) */,
				EAB42EE027CDCC2100A52D6D /* Tests iOS */,
				EAB42EEC27CDCC2100A52D6D /* Tests macOS */,
			);
		};
/* End PBXProject section */

/* Begin PBXResourcesBuildPhase section */
		EAB42ED227CDCC2100A52D6D /* Resources */ = {
			isa = PBXResourcesBuildPhase;
			buildActionMask = 2147483647;
			files = (
				EAB42EF927CDCC2100A52D6D /* Assets.xcassets in Resources */,
			);
			runOnlyForDeploymentPostprocessing = 0;
		};
		EAB42ED827CDCC2100A52D6D /* Resources */ = {
			isa = PBXResourcesBuildPhase;
			buildActionMask = 2147483647;
			files = (
				EAB42EFA27CDCC2100A52D6D /* Assets.xcassets in Resources */,
			);
			runOnlyForDeploymentPostprocessing = 0;
		};
		EAB42EDF27CDCC2100A52D6D /* Resources */ = {
			isa = PBXResourcesBuildPhase;
			buildActionMask = 2147483647;
			files = (
			);
			runOnlyForDeploymentPostprocessing = 0;
		};
		EAB42EEB27CDCC2100A52D6D /* Resources */ = {
			isa = PBXResourcesBuildPhase;
			buildActionMask = 2147483647;
			files = (
			);
			runOnlyForDeploymentPostprocessing = 0;
		};
/* End PBXResourcesBuildPhase section */

/* Begin PBXSourcesBuildPhase section */
		EAB42ED027CDCC2100A52D6D /* Sources */ = {
			isa = PBXSourcesBuildPhase;
			buildActionMask = 2147483647;
			files = (
				EAB42EF727CDCC2100A52D6D /* ContentView.swift in Sources */,
				EAB42EF527CDCC2100A52D6D /* An_AppApp.swift in Sources */,
			);
			runOnlyForDeploymentPostprocessing = 0;
		};
		EAB42ED627CDCC2100A52D6D /* Sources */ = {
			isa = PBXSourcesBuildPhase;
			buildActionMask = 2147483647;
			files = (
				EAB42EF827CDCC2100A52D6D /* ContentView.swift in Sources */,
				EAB42EF627CDCC2100A52D6D /* An_AppApp.swift in Sources */,
			);
			runOnlyForDeploymentPostprocessing = 0;
		};
		EAB42EDD27CDCC2100A52D6D /* Sources */ = {
			isa = PBXSourcesBuildPhase;
			buildActionMask = 2147483647;
			files = (
				EAB42EE827CDCC2100A52D6D /* Tests_iOSLaunchTests.swift in Sources */,
				EAB42EE627CDCC2100A52D6D /* Tests_iOS.swift in Sources */,
			);
			runOnlyForDeploymentPostprocessing = 0;
		};
		EAB42EE927CDCC2100A52D6D /* Sources */ = {
			isa = PBXSourcesBuildPhase;
			buildActionMask = 2147483647;
			files = (
				EAB42EF427CDCC2100A52D6D /* Tests_macOSLaunchTests.swift in Sources */,
				EAB42EF227CDCC2100A52D6D /* Tests_macOS.swift in Sources */,
			);
			runOnlyForDeploymentPostprocessing = 0;
		};
/* End PBXSourcesBuildPhase section */

/* Begin PBXTargetDependency section */
		EAB42EE327CDCC2100A52D6D /* PBXTargetDependency */ = {
			isa = PBXTargetDependency;
			target = EAB42ED327CDCC2100A52D6D /* An App (iOS) */;
			targetProxy = EAB42EE227CDCC2100A52D6D /* PBXContainerItemProxy */;
		};
		EAB42EEF27CDCC2100A52D6D /* PBXTargetDependency */ = {
			isa = PBXTargetDependency;
			target = EAB42ED927CDCC2100A52D6D /* An App (macOS) */;
			targetProxy = EAB42EEE27CDCC2100A52D6D /* PBXContainerItemProxy */;
		};
/* End PBXTargetDependency section */

/* Begin XCBuildConfiguration section */
		EAB42EFB27CDCC2100A52D6D /* Debug */ = {
			isa = XCBuildConfiguration;
			buildSettings = {
				ALWAYS_SEARCH_USER_PATHS = NO;
				CLANG_ANALYZER_NONNULL = YES;
				CLANG_ANALYZER_NUMBER_OBJECT_CONVERSION = YES_AGGRESSIVE;
				CLANG_CXX_LANGUAGE_STANDARD = "gnu++17";
				CLANG_CXX_LIBRARY = "libc++";
				CLANG_ENABLE_MODULES = YES;
				CLANG_ENABLE_OBJC_ARC = YES;
				CLANG_ENABLE_OBJC_WEAK = YES;
				CLANG_WARN_BLOCK_CAPTURE_AUTORELEASING = YES;
				CLANG_WARN_BOOL_CONVERSION = YES;
				CLANG_WARN_COMMA = YES;
				CLANG_WARN_CONSTANT_CONVERSION = YES;
				CLANG_WARN_DEPRECATED_OBJC_IMPLEMENTATIONS = YES;
				CLANG_WARN_DIRECT_OBJC_ISA_USAGE = YES_ERROR;
				CLANG_WARN_DOCUMENTATION_COMMENTS = YES;
				CLANG_WARN_EMPTY_BODY = YES;
				CLANG_WARN_ENUM_CONVERSION = YES;
				CLANG_WARN_INFINITE_RECURSION = YES;
				CLANG_WARN_INT_CONVERSION = YES;
				CLANG_WARN_NON_LITERAL_NULL_CONVERSION = YES;
				CLANG_WARN_OBJC_IMPLICIT_RETAIN_SELF = YES;
				CLANG_WARN_OBJC_LITERAL_CONVERSION = YES;
				CLANG_WARN_OBJC_ROOT_CLASS = YES_ERROR;
				CLANG_WARN_QUOTED_INCLUDE_IN_FRAMEWORK_HEADER = YES;
				CLANG_WARN_RANGE_LOOP_ANALYSIS = YES;
				CLANG_WARN_STRICT_PROTOTYPES = YES;
				CLANG_WARN_SUSPICIOUS_MOVE = YES;
				CLANG_WARN_UNGUARDED_AVAILABILITY = YES_AGGRESSIVE;
				CLANG_WARN_UNREACHABLE_CODE = YES;
				CLANG_WARN__DUPLICATE_METHOD_MATCH = YES;
				COPY_PHASE_STRIP = NO;
				DEBUG_INFORMATION_FORMAT = dwarf;
				ENABLE_STRICT_OBJC_MSGSEND = YES;
				ENABLE_TESTABILITY = YES;
				GCC_C_LANGUAGE_STANDARD = gnu11;
				GCC_DYNAMIC_NO_PIC = NO;
				GCC_NO_COMMON_BLOCKS = YES;
				GCC_OPTIMIZATION_LEVEL = 0;
				GCC_PREPROCESSOR_DEFINITIONS = (
					"DEBUG=1",
					"$(inherited)",
				);
				GCC_WARN_64_TO_32_BIT_CONVERSION = YES;
				GCC_WARN_ABOUT_RETURN_TYPE = YES_ERROR;
				GCC_WARN_UNDECLARED_SELECTOR = YES;
				GCC_WARN_UNINITIALIZED_AUTOS = YES_AGGRESSIVE;
				GCC_WARN_UNUSED_FUNCTION = YES;
				GCC_WARN_UNUSED_VARIABLE = YES;
				MTL_ENABLE_DEBUG_INFO = INCLUDE_SOURCE;
				MTL_FAST_MATH = YES;
				ONLY_ACTIVE_ARCH = YES;
				SWIFT_ACTIVE_COMPILATION_CONDITIONS = DEBUG;
				SWIFT_OPTIMIZATION_LEVEL = "-Onone";
			};
			name = Debug;
		};
		EAB42EFC27CDCC2100A52D6D /* Release */ = {
			isa = XCBuildConfiguration;
			buildSettings = {
				ALWAYS_SEARCH_USER_PATHS = NO;
				CLANG_ANALYZER_NONNULL = YES;
				CLANG_ANALYZER_NUMBER_OBJECT_CONVERSION = YES_AGGRESSIVE;
				CLANG_CXX_LANGUAGE_STANDARD = "gnu++17";
				CLANG_CXX_LIBRARY = "libc++";
				CLANG_ENABLE_MODULES = YES;
				CLANG_ENABLE_OBJC_ARC = YES;
				CLANG_ENABLE_OBJC_WEAK = YES;
				CLANG_WARN_BLOCK_CAPTURE_AUTORELEASING = YES;
				CLANG_WARN_BOOL_CONVERSION = YES;
				CLANG_WARN_COMMA = YES;
				CLANG_WARN_CONSTANT_CONVERSION = YES;
				CLANG_WARN_DEPRECATED_OBJC_IMPLEMENTATIONS = YES;
				CLANG_WARN_DIRECT_OBJC_ISA_USAGE = YES_ERROR;
				CLANG_WARN_DOCUMENTATION_COMMENTS = YES;
				CLANG_WARN_EMPTY_BODY = YES;
				CLANG_WARN_ENUM_CONVERSION = YES;
				CLANG_WARN_INFINITE_RECURSION = YES;
				CLANG_WARN_INT_CONVERSION = YES;
				CLANG_WARN_NON_LITERAL_NULL_CONVERSION = YES;
				CLANG_WARN_OBJC_IMPLICIT_RETAIN_SELF = YES;
				CLANG_WARN_OBJC_LITERAL_CONVERSION = YES;
				CLANG_WARN_OBJC_ROOT_CLASS = YES_ERROR;
				CLANG_WARN_QUOTED_INCLUDE_IN_FRAMEWORK_HEADER = YES;
				CLANG_WARN_RANGE_LOOP_ANALYSIS = YES;
				CLANG_WARN_STRICT_PROTOTYPES = YES;
				CLANG_WARN_SUSPICIOUS_MOVE = YES;
				CLANG_WARN_UNGUARDED_AVAILABILITY = YES_AGGRESSIVE;
				CLANG_WARN_UNREACHABLE_CODE = YES;
				CLANG_WARN__DUPLICATE_METHOD_MATCH = YES;
				COPY_PHASE_STRIP = NO;
				DEBUG_INFORMATION_FORMAT = "dwarf-with-dsym";
				ENABLE_NS_ASSERTIONS = NO;
				ENABLE_STRICT_OBJC_MSGSEND = YES;
				GCC_C_LANGUAGE_STANDARD = gnu11;
				GCC_NO_COMMON_BLOCKS = YES;
				GCC_WARN_64_TO_32_BIT_CONVERSION = YES;
				GCC_WARN_ABOUT_RETURN_TYPE = YES_ERROR;
				GCC_WARN_UNDECLARED_SELECTOR = YES;
				GCC_WARN_UNINITIALIZED_AUTOS = YES_AGGRESSIVE;
				GCC_WARN_UNUSED_FUNCTION = YES;
				GCC_WARN_UNUSED_VARIABLE = YES;
				MTL_ENABLE_DEBUG_INFO = NO;
				MTL_FAST_MATH = YES;
				SWIFT_COMPILATION_MODE = wholemodule;
				SWIFT_OPTIMIZATION_LEVEL = "-O";
			};
			name = Release;
		};
		EAB42EFE27CDCC2100A52D6D /* Debug */ = {
			isa = XCBuildConfiguration;
			buildSettings = {
				ASSETCATALOG_COMPILER_APPICON_NAME = AppIcon;
				ASSETCATALOG_COMPILER_GLOBAL_ACCENT_COLOR_NAME = AccentColor;
				CODE_SIGN_STYLE = Automatic;
				CURRENT_PROJECT_VERSION = 1;
				ENABLE_PREVIEWS = YES;
				GENERATE_INFOPLIST_FILE = YES;
				INFOPLIST_KEY_UIApplicationSceneManifest_Generation = YES;
				INFOPLIST_KEY_UIApplicationSupportsIndirectInputEvents = YES;
				INFOPLIST_KEY_UILaunchScreen_Generation = YES;
				INFOPLIST_KEY_UISupportedInterfaceOrientations_iPad = "UIInterfaceOrientationPortrait UIInterfaceOrientationPortraitUpsideDown UIInterfaceOrientationLandscapeLeft UIInterfaceOrientationLandscapeRight";
				INFOPLIST_KEY_UISupportedInterfaceOrientations_iPhone = "UIInterfaceOrientationPortrait UIInterfaceOrientationLandscapeLeft UIInterfaceOrientationLandscapeRight";
				IPHONEOS_DEPLOYMENT_TARGET = 15.2;
				LD_RUNPATH_SEARCH_PATHS = (
					"$(inherited)",
					"@executable_path/Frameworks",
				);
				MARKETING_VERSION = 1.0;
				PRODUCT_BUNDLE_IDENTIFIER = "Chavez-Development.An-App";
				PRODUCT_NAME = "An App";
				SDKROOT = iphoneos;
				SWIFT_EMIT_LOC_STRINGS = YES;
				SWIFT_VERSION = 5.0;
				TARGETED_DEVICE_FAMILY = "1,2";
			};
			name = Debug;
		};
		EAB42EFF27CDCC2100A52D6D /* Release */ = {
			isa = XCBuildConfiguration;
			buildSettings = {
				ASSETCATALOG_COMPILER_APPICON_NAME = AppIcon;
				ASSETCATALOG_COMPILER_GLOBAL_ACCENT_COLOR_NAME = AccentColor;
				CODE_SIGN_STYLE = Automatic;
				CURRENT_PROJECT_VERSION = 1;
				ENABLE_PREVIEWS = YES;
				GENERATE_INFOPLIST_FILE = YES;
				INFOPLIST_KEY_UIApplicationSceneManifest_Generation = YES;
				INFOPLIST_KEY_UIApplicationSupportsIndirectInputEvents = YES;
				INFOPLIST_KEY_UILaunchScreen_Generation = YES;
				INFOPLIST_KEY_UISupportedInterfaceOrientations_iPad = "UIInterfaceOrientationPortrait UIInterfaceOrientationPortraitUpsideDown UIInterfaceOrientationLandscapeLeft UIInterfaceOrientationLandscapeRight";
				INFOPLIST_KEY_UISupportedInterfaceOrientations_iPhone = "UIInterfaceOrientationPortrait UIInterfaceOrientationLandscapeLeft UIInterfaceOrientationLandscapeRight";
				IPHONEOS_DEPLOYMENT_TARGET = 15.2;
				LD_RUNPATH_SEARCH_PATHS = (
					"$(inherited)",
					"@executable_path/Frameworks",
				);
				MARKETING_VERSION = 1.0;
				PRODUCT_BUNDLE_IDENTIFIER = "Chavez-Development.An-App";
				PRODUCT_NAME = "An App";
				SDKROOT = iphoneos;
				SWIFT_EMIT_LOC_STRINGS = YES;
				SWIFT_VERSION = 5.0;
				TARGETED_DEVICE_FAMILY = "1,2";
				VALIDATE_PRODUCT = YES;
			};
			name = Release;
		};
		EAB42F0127CDCC2100A52D6D /* Debug */ = {
			isa = XCBuildConfiguration;
			buildSettings = {
				ASSETCATALOG_COMPILER_APPICON_NAME = AppIcon;
				ASSETCATALOG_COMPILER_GLOBAL_ACCENT_COLOR_NAME = AccentColor;
				CODE_SIGN_ENTITLEMENTS = macOS/macOS.entitlements;
				CODE_SIGN_STYLE = Automatic;
				COMBINE_HIDPI_IMAGES = YES;
				CURRENT_PROJECT_VERSION = 1;
				ENABLE_PREVIEWS = YES;
				GENERATE_INFOPLIST_FILE = YES;
				INFOPLIST_KEY_NSHumanReadableCopyright = "";
				LD_RUNPATH_SEARCH_PATHS = (
					"$(inherited)",
					"@executable_path/../Frameworks",
				);
				MACOSX_DEPLOYMENT_TARGET = 12.1;
				MARKETING_VERSION = 1.0;
				PRODUCT_BUNDLE_IDENTIFIER = "Chavez-Development.An-App";
				PRODUCT_NAME = "An App";
				SDKROOT = macosx;
				SWIFT_EMIT_LOC_STRINGS = YES;
				SWIFT_VERSION = 5.0;
			};
			name = Debug;
		};
		EAB42F0227CDCC2100A52D6D /* Release */ = {
			isa = XCBuildConfiguration;
			buildSettings = {
				ASSETCATALOG_COMPILER_APPICON_NAME = AppIcon;
				ASSETCATALOG_COMPILER_GLOBAL_ACCENT_COLOR_NAME = AccentColor;
				CODE_SIGN_ENTITLEMENTS = macOS/macOS.entitlements;
				CODE_SIGN_STYLE = Automatic;
				COMBINE_HIDPI_IMAGES = YES;
				CURRENT_PROJECT_VERSION = 1;
				ENABLE_PREVIEWS = YES;
				GENERATE_INFOPLIST_FILE = YES;
				INFOPLIST_KEY_NSHumanReadableCopyright = "";
				LD_RUNPATH_SEARCH_PATHS = (
					"$(inherited)",
					"@executable_path/../Frameworks",
				);
				MACOSX_DEPLOYMENT_TARGET = 12.1;
				MARKETING_VERSION = 1.0;
				PRODUCT_BUNDLE_IDENTIFIER = "Chavez-Development.An-App";
				PRODUCT_NAME = "An App";
				SDKROOT = macosx;
				SWIFT_EMIT_LOC_STRINGS = YES;
				SWIFT_VERSION = 5.0;
			};
			name = Release;
		};
		EAB42F0427CDCC2100A52D6D /* Debug */ = {
			isa = XCBuildConfiguration;
			buildSettings = {
				ALWAYS_EMBED_SWIFT_STANDARD_LIBRARIES = YES;
				CODE_SIGN_STYLE = Automatic;
				CURRENT_PROJECT_VERSION = 1;
				GENERATE_INFOPLIST_FILE = YES;
				IPHONEOS_DEPLOYMENT_TARGET = 15.2;
				MARKETING_VERSION = 1.0;
				PRODUCT_BUNDLE_IDENTIFIER = "Chavez-Development.Tests-iOS";
				PRODUCT_NAME = "$(TARGET_NAME)";
				SDKROOT = iphoneos;
				SWIFT_EMIT_LOC_STRINGS = NO;
				SWIFT_VERSION = 5.0;
				TARGETED_DEVICE_FAMILY = "1,2";
				TEST_TARGET_NAME = "An App (iOS)";
			};
			name = Debug;
		};
		EAB42F0527CDCC2100A52D6D /* Release */ = {
			isa = XCBuildConfiguration;
			buildSettings = {
				ALWAYS_EMBED_SWIFT_STANDARD_LIBRARIES = YES;
				CODE_SIGN_STYLE = Automatic;
				CURRENT_PROJECT_VERSION = 1;
				GENERATE_INFOPLIST_FILE = YES;
				IPHONEOS_DEPLOYMENT_TARGET = 15.2;
				MARKETING_VERSION = 1.0;
				PRODUCT_BUNDLE_IDENTIFIER = "Chavez-Development.Tests-iOS";
				PRODUCT_NAME = "$(TARGET_NAME)";
				SDKROOT = iphoneos;
				SWIFT_EMIT_LOC_STRINGS = NO;
				SWIFT_VERSION = 5.0;
				TARGETED_DEVICE_FAMILY = "1,2";
				TEST_TARGET_NAME = "An App (iOS)";
				VALIDATE_PRODUCT = YES;
			};
			name = Release;
		};
		EAB42F0727CDCC2100A52D6D /* Debug */ = {
			isa = XCBuildConfiguration;
			buildSettings = {
				ALWAYS_EMBED_SWIFT_STANDARD_LIBRARIES = YES;
				CODE_SIGN_STYLE = Automatic;
				CURRENT_PROJECT_VERSION = 1;
				GENERATE_INFOPLIST_FILE = YES;
				MACOSX_DEPLOYMENT_TARGET = 12.1;
				MARKETING_VERSION = 1.0;
				PRODUCT_BUNDLE_IDENTIFIER = "Chavez-Development.Tests-macOS";
				PRODUCT_NAME = "$(TARGET_NAME)";
				SDKROOT = macosx;
				SWIFT_EMIT_LOC_STRINGS = NO;
				SWIFT_VERSION = 5.0;
				TEST_TARGET_NAME = "An App (macOS)";
			};
			name = Debug;
		};
		EAB42F0827CDCC2100A52D6D /* Release */ = {
			isa = XCBuildConfiguration;
			buildSettings = {
				ALWAYS_EMBED_SWIFT_STANDARD_LIBRARIES = YES;
				CODE_SIGN_STYLE = Automatic;
				CURRENT_PROJECT_VERSION = 1;
				GENERATE_INFOPLIST_FILE = YES;
				MACOSX_DEPLOYMENT_TARGET = 12.1;
				MARKETING_VERSION = 1.0;
				PRODUCT_BUNDLE_IDENTIFIER = "Chavez-Development.Tests-macOS";
				PRODUCT_NAME = "$(TARGET_NAME)";
				SDKROOT = macosx;
				SWIFT_EMIT_LOC_STRINGS = NO;
				SWIFT_VERSION = 5.0;
				TEST_TARGET_NAME = "An App (macOS)";
			};
			name = Release;
		};
/* End XCBuildConfiguration section */

/* Begin XCConfigurationList section */
		EAB42ECB27CDCC2000A52D6D /* Build configuration list for PBXProject "An App" */ = {
			isa = XCConfigurationList;
			buildConfigurations = (
				EAB42EFB27CDCC2100A52D6D /* Debug */,
				EAB42EFC27CDCC2100A52D6D /* Release */,
			);
			defaultConfigurationIsVisible = 0;
			defaultConfigurationName = Release;
		};
		EAB42EFD27CDCC2100A52D6D /* Build configuration list for PBXNativeTarget "An App (iOS)" */ = {
			isa = XCConfigurationList;
			buildConfigurations = (
				EAB42EFE27CDCC2100A52D6D /* Debug */,
				EAB42EFF27CDCC2100A52D6D /* Release */,
			);
			defaultConfigurationIsVisible = 0;
			defaultConfigurationName = Release;
		};
		EAB42F0027CDCC2100A52D6D /* Build configuration list for PBXNativeTarget "An App (macOS)" */ = {
			isa = XCConfigurationList;
			buildConfigurations = (
				EAB42F0127CDCC2100A52D6D /* Debug */,
				EAB42F0227CDCC2100A52D6D /* Release */,
			);
			defaultConfigurationIsVisible = 0;
			defaultConfigurationName = Release;
		};
		EAB42F0327CDCC2100A52D6D /* Build configuration list for PBXNativeTarget "Tests iOS" */ = {
			isa = XCConfigurationList;
			buildConfigurations = (
				EAB42F0427CDCC2100A52D6D /* Debug */,
				EAB42F0527CDCC2100A52D6D /* Release */,
			);
			defaultConfigurationIsVisible = 0;
			defaultConfigurationName = Release;
		};
		EAB42F0627CDCC2100A52D6D /* Build configuration list for PBXNativeTarget "Tests macOS" */ = {
			isa = XCConfigurationList;
			buildConfigurations = (
				EAB42F0727CDCC2100A52D6D /* Debug */,
				EAB42F0827CDCC2100A52D6D /* Release */,
			);
			defaultConfigurationIsVisible = 0;
			defaultConfigurationName = Release;
		};
/* End XCConfigurationList section */
	};
	rootObject = EAB42EC827CDCC2000A52D6D /* Project object */;
}
